// !$*UTF8*$!
{
	archiveVersion = 1;
	classes = {
	};
	objectVersion = 46;
	objects = {

/* Begin PBXBuildFile section */
		842541021DBBAA0000FCFC5E /* main.cpp in Sources */ = {isa = PBXBuildFile; fileRef = 842540FE1DBBAA0000FCFC5E /* main.cpp */; };
/* End PBXBuildFile section */

/* Begin PBXCopyFilesBuildPhase section */
		842540F01DBBA98100FCFC5E /* CopyFiles */ = {
			isa = PBXCopyFilesBuildPhase;
			buildActionMask = 2147483647;
			dstPath = /usr/share/man/man1/;
			dstSubfolderSpec = 0;
			files = (
			);
			runOnlyForDeploymentPostprocessing = 1;
		};
/* End PBXCopyFilesBuildPhase section */

/* Begin PBXFileReference section */
		842540F21DBBA98100FCFC5E /* MicrowaveProtoype */ = {isa = PBXFileReference; explicitFileType = "compiled.mach-o.executable"; includeInIndex = 0; path = MicrowaveProtoype; sourceTree = BUILT_PRODUCTS_DIR; };
		842540FD1DBBAA0000FCFC5E /* HeapArray.h */ = {isa = PBXFileReference; fileEncoding = 4; lastKnownFileType = sourcecode.c.h; path = HeapArray.h; sourceTree = "<group>"; };
		842540FE1DBBAA0000FCFC5E /* main.cpp */ = {isa = PBXFileReference; fileEncoding = 4; lastKnownFileType = sourcecode.cpp.cpp; path = main.cpp; sourceTree = "<group>"; };
		842540FF1DBBAA0000FCFC5E /* MyException.h */ = {isa = PBXFileReference; fileEncoding = 4; lastKnownFileType = sourcecode.c.h; path = MyException.h; sourceTree = "<group>"; };
		842541001DBBAA0000FCFC5E /* Print.h */ = {isa = PBXFileReference; fileEncoding = 4; lastKnownFileType = sourcecode.c.h; path = Print.h; sourceTree = "<group>"; };
		842541011DBBAA0000FCFC5E /* Stack.h */ = {isa = PBXFileReference; fileEncoding = 4; lastKnownFileType = sourcecode.c.h; path = Stack.h; sourceTree = "<group>"; };
/* End PBXFileReference section */

/* Begin PBXFrameworksBuildPhase section */
		842540EF1DBBA98100FCFC5E /* Frameworks */ = {
			isa = PBXFrameworksBuildPhase;
			buildActionMask = 2147483647;
			files = (
			);
			runOnlyForDeploymentPostprocessing = 0;
		};
/* End PBXFrameworksBuildPhase section */

/* Begin PBXGroup section */
		842540E91DBBA98100FCFC5E = {
			isa = PBXGroup;
			children = (
				842540F41DBBA98100FCFC5E /* MicrowaveProtoype */,
				842540F31DBBA98100FCFC5E /* Products */,
			);
			sourceTree = "<group>";
		};
		842540F31DBBA98100FCFC5E /* Products */ = {
			isa = PBXGroup;
			children = (
				842540F21DBBA98100FCFC5E /* MicrowaveProtoype */,
			);
			name = Products;
			sourceTree = "<group>";
		};
		842540F41DBBA98100FCFC5E /* MicrowaveProtoype */ = {
			isa = PBXGroup;
			children = (
				842541031DBBAA0300FCFC5E /* Additional */,
				842540FC1DBBA9F000FCFC5E /* CPU */,
			);
			path = MicrowaveProtoype;
			sourceTree = "<group>";
		};
		842540FC1DBBA9F000FCFC5E /* CPU */ = {
			isa = PBXGroup;
			children = (
				842540FD1DBBAA0000FCFC5E /* HeapArray.h */,
				842540FE1DBBAA0000FCFC5E /* main.cpp */,
				842541001DBBAA0000FCFC5E /* Print.h */,
				842541011DBBAA0000FCFC5E /* Stack.h */,
			);
			name = CPU;
			sourceTree = "<group>";
		};
		842541031DBBAA0300FCFC5E /* Additional */ = {
			isa = PBXGroup;
			children = (
				842540FF1DBBAA0000FCFC5E /* MyException.h */,
			);
			name = Additional;
			sourceTree = "<group>";
		};
/* End PBXGroup section */

/* Begin PBXNativeTarget section */
		842540F11DBBA98100FCFC5E /* MicrowaveProtoype */ = {
			isa = PBXNativeTarget;
			buildConfigurationList = 842540F91DBBA98100FCFC5E /* Build configuration list for PBXNativeTarget "MicrowaveProtoype" */;
			buildPhases = (
				842540EE1DBBA98100FCFC5E /* Sources */,
				842540EF1DBBA98100FCFC5E /* Frameworks */,
				842540F01DBBA98100FCFC5E /* CopyFiles */,
			);
			buildRules = (
			);
			dependencies = (
			);
			name = MicrowaveProtoype;
			productName = MicrowaveProtoype;
			productReference = 842540F21DBBA98100FCFC5E /* MicrowaveProtoype */;
			productType = "com.apple.product-type.tool";
		};
/* End PBXNativeTarget section */

/* Begin PBXProject section */
		842540EA1DBBA98100FCFC5E /* Project object */ = {
			isa = PBXProject;
			attributes = {
				LastSwiftUpdateCheck = 0800;
				LastUpgradeCheck = 0800;
				ORGANIZATIONNAME = Stepan;
				TargetAttributes = {
					842540F11DBBA98100FCFC5E = {
						CreatedOnToolsVersion = 8.0;
						ProvisioningStyle = Automatic;
					};
				};
			};
			buildConfigurationList = 842540ED1DBBA98100FCFC5E /* Build configuration list for PBXProject "MicrowaveProtoype" */;
			compatibilityVersion = "Xcode 3.2";
			developmentRegion = English;
			hasScannedForEncodings = 0;
			knownRegions = (
				en,
			);
			mainGroup = 842540E91DBBA98100FCFC5E;
			productRefGroup = 842540F31DBBA98100FCFC5E /* Products */;
			projectDirPath = "";
			projectRoot = "";
			targets = (
				842540F11DBBA98100FCFC5E /* MicrowaveProtoype */,
			);
		};
/* End PBXProject section */

/* Begin PBXSourcesBuildPhase section */
		842540EE1DBBA98100FCFC5E /* Sources */ = {
			isa = PBXSourcesBuildPhase;
			buildActionMask = 2147483647;
			files = (
				842541021DBBAA0000FCFC5E /* main.cpp in Sources */,
			);
			runOnlyForDeploymentPostprocessing = 0;
		};
/* End PBXSourcesBuildPhase section */

/* Begin XCBuildConfiguration section */
		842540F71DBBA98100FCFC5E /* Debug */ = {
			isa = XCBuildConfiguration;
			buildSettings = {
				ALWAYS_SEARCH_USER_PATHS = NO;
				CLANG_ANALYZER_NONNULL = YES;
				CLANG_CXX_LANGUAGE_STANDARD = "gnu++0x";
				CLANG_CXX_LIBRARY = "libc++";
				CLANG_ENABLE_MODULES = YES;
				CLANG_ENABLE_OBJC_ARC = YES;
				CLANG_WARN_BOOL_CONVERSION = YES;
				CLANG_WARN_CONSTANT_CONVERSION = YES;
				CLANG_WARN_DIRECT_OBJC_ISA_USAGE = YES_ERROR;
				CLANG_WARN_DOCUMENTATION_COMMENTS = YES;
				CLANG_WARN_EMPTY_BODY = YES;
				CLANG_WARN_ENUM_CONVERSION = YES;
				CLANG_WARN_INFINITE_RECURSION = YES;
				CLANG_WARN_INT_CONVERSION = YES;
				CLANG_WARN_OBJC_ROOT_CLASS = YES_ERROR;
				CLANG_WARN_SUSPICIOUS_MOVES = YES;
				CLANG_WARN_UNREACHABLE_CODE = YES;
				CLANG_WARN__DUPLICATE_METHOD_MATCH = YES;
				CODE_SIGN_IDENTITY = "-";
				COPY_PHASE_STRIP = NO;
				DEBUG_INFORMATION_FORMAT = dwarf;
				ENABLE_STRICT_OBJC_MSGSEND = YES;
				ENABLE_TESTABILITY = YES;
				GCC_C_LANGUAGE_STANDARD = gnu99;
				GCC_DYNAMIC_NO_PIC = NO;
				GCC_NO_COMMON_BLOCKS = YES;
				GCC_OPTIMIZATION_LEVEL = 0;
				GCC_PREPROCESSOR_DEFINITIONS = (
					"DEBUG=1",
					"$(inherited)",
				);
				GCC_WARN_64_TO_32_BIT_CONVERSION = YES;
				GCC_WARN_ABOUT_RETURN_TYPE = YES_ERROR;
				GCC_WARN_UNDECLARED_SELECTOR = YES;
				GCC_WARN_UNINITIALIZED_AUTOS = YES_AGGRESSIVE;
				GCC_WARN_UNUSED_FUNCTION = YES;
				GCC_WARN_UNUSED_VARIABLE = YES;
				MACOSX_DEPLOYMENT_TARGET = 10.11;
				MTL_ENABLE_DEBUG_INFO = YES;
				ONLY_ACTIVE_ARCH = YES;
				SDKROOT = macosx;
				SWIFT_OPTIMIZATION_LEVEL = "-Onone";
			};
			name = Debug;
		};
		842540F81DBBA98100FCFC5E /* Release */ = {
			isa = XCBuildConfiguration;
			buildSettings = {
				ALWAYS_SEARCH_USER_PATHS = NO;
				CLANG_ANALYZER_NONNULL = YES;
				CLANG_CXX_LANGUAGE_STANDARD = "gnu++0x";
				CLANG_CXX_LIBRARY = "libc++";
				CLANG_ENABLE_MODULES = YES;
				CLANG_ENABLE_OBJC_ARC = YES;
				CLANG_WARN_BOOL_CONVERSION = YES;
				CLANG_WARN_CONSTANT_CONVERSION = YES;
				CLANG_WARN_DIRECT_OBJC_ISA_USAGE = YES_ERROR;
				CLANG_WARN_DOCUMENTATION_COMMENTS = YES;
				CLANG_WARN_EMPTY_BODY = YES;
				CLANG_WARN_ENUM_CONVERSION = YES;
				CLANG_WARN_INFINITE_RECURSION = YES;
				CLANG_WARN_INT_CONVERSION = YES;
				CLANG_WARN_OBJC_ROOT_CLASS = YES_ERROR;
				CLANG_WARN_SUSPICIOUS_MOVES = YES;
				CLANG_WARN_UNREACHABLE_CODE = YES;
				CLANG_WARN__DUPLICATE_METHOD_MATCH = YES;
				CODE_SIGN_IDENTITY = "-";
				COPY_PHASE_STRIP = NO;
				DEBUG_INFORMATION_FORMAT = "dwarf-with-dsym";
				ENABLE_NS_ASSERTIONS = NO;
				ENABLE_STRICT_OBJC_MSGSEND = YES;
				GCC_C_LANGUAGE_STANDARD = gnu99;
				GCC_NO_COMMON_BLOCKS = YES;
				GCC_WARN_64_TO_32_BIT_CONVERSION = YES;
				GCC_WARN_ABOUT_RETURN_TYPE = YES_ERROR;
				GCC_WARN_UNDECLARED_SELECTOR = YES;
				GCC_WARN_UNINITIALIZED_AUTOS = YES_AGGRESSIVE;
				GCC_WARN_UNUSED_FUNCTION = YES;
				GCC_WARN_UNUSED_VARIABLE = YES;
				MACOSX_DEPLOYMENT_TARGET = 10.11;
				MTL_ENABLE_DEBUG_INFO = NO;
				SDKROOT = macosx;
			};
			name = Release;
		};
		842540FA1DBBA98100FCFC5E /* Debug */ = {
			isa = XCBuildConfiguration;
			buildSettings = {
				PRODUCT_NAME = "$(TARGET_NAME)";
				SWIFT_VERSION = 3.0;
			};
			name = Debug;
		};
		842540FB1DBBA98100FCFC5E /* Release */ = {
			isa = XCBuildConfiguration;
			buildSettings = {
				PRODUCT_NAME = "$(TARGET_NAME)";
				SWIFT_VERSION = 3.0;
			};
			name = Release;
		};
/* End XCBuildConfiguration section */

/* Begin XCConfigurationList section */
		842540ED1DBBA98100FCFC5E /* Build configuration list for PBXProject "MicrowaveProtoype" */ = {
			isa = XCConfigurationList;
			buildConfigurations = (
				842540F71DBBA98100FCFC5E /* Debug */,
				842540F81DBBA98100FCFC5E /* Release */,
			);
			defaultConfigurationIsVisible = 0;
			defaultConfigurationName = Release;
		};
		842540F91DBBA98100FCFC5E /* Build configuration list for PBXNativeTarget "MicrowaveProtoype" */ = {
			isa = XCConfigurationList;
			buildConfigurations = (
				842540FA1DBBA98100FCFC5E /* Debug */,
				842540FB1DBBA98100FCFC5E /* Release */,
			);
			defaultConfigurationIsVisible = 0;
		};
/* End XCConfigurationList section */
	};
	rootObject = 842540EA1DBBA98100FCFC5E /* Project object */;
}
